
Microsoft Visual Studio Solution File, Format Version 12.00
# Visual Studio 15
VisualStudioVersion = 15.0.26228.9
MinimumVisualStudioVersion = 10.0.40219.1
Project("{FAE04EC0-301F-11D3-BF4B-00C04F79EFBC}") = "PersonalIMS", "PersonalIMS\PersonalIMS.csproj", "{1E86EE79-E650-42DA-A4EA-89E04D18422A}"
EndProject
Project("{FAE04EC0-301F-11D3-BF4B-00C04F79EFBC}") = "DatabaseConnectionLib", "DatabaseConnectionLib\DatabaseConnectionLib.csproj", "{694788D0-CEDD-4B53-9911-1DE67D9FC43C}"
EndProject
Global
	GlobalSection(SolutionConfigurationPlatforms) = preSolution
		Debug|Any CPU = Debug|Any CPU
		Release|Any CPU = Release|Any CPU
	EndGlobalSection
	GlobalSection(ProjectConfigurationPlatforms) = postSolution
		{1E86EE79-E650-42DA-A4EA-89E04D18422A}.Debug|Any CPU.ActiveCfg = Debug|Any CPU
		{1E86EE79-E650-42DA-A4EA-89E04D18422A}.Debug|Any CPU.Build.0 = Debug|Any CPU
		{1E86EE79-E650-42DA-A4EA-89E04D18422A}.Release|Any CPU.ActiveCfg = Release|Any CPU
		{1E86EE79-E650-42DA-A4EA-89E04D18422A}.Release|Any CPU.Build.0 = Release|Any CPU
		{694788D0-CEDD-4B53-9911-1DE67D9FC43C}.Debug|Any CPU.ActiveCfg = Debug|Any CPU
		{694788D0-CEDD-4B53-9911-1DE67D9FC43C}.Debug|Any CPU.Build.0 = Debug|Any CPU
		{694788D0-CEDD-4B53-9911-1DE67D9FC43C}.Release|Any CPU.ActiveCfg = Release|Any CPU
		{694788D0-CEDD-4B53-9911-1DE67D9FC43C}.Release|Any CPU.Build.0 = Release|Any CPU
	EndGlobalSection
	GlobalSection(SolutionProperties) = preSolution
		HideSolutionNode = FALSE
	EndGlobalSection
EndGlobal
